
Microsoft Visual Studio Solution File, Format Version 12.00
# Visual Studio Version 17
VisualStudioVersion = 17.0.31903.59
MinimumVisualStudioVersion = 10.0.40219.1
Project("{2150E333-8FDC-42A3-9474-1A3956D46DE8}") = "src", "src", "{D803998B-EA75-44FA-91D9-C06A66C347F1}"
EndProject
Project("{FAE04EC0-301F-11D3-BF4B-00C04F79EFBC}") = "Atalaya.Domain", "src\Atalaya.Domain\Atalaya.Domain.csproj", "{80922594-ACC8-4240-ACC2-B72525384DCA}"
EndProject
Project("{2150E333-8FDC-42A3-9474-1A3956D46DE8}") = "tests", "tests", "{5FC86C6B-8EF0-4C98-9ADB-63E7469BC449}"
EndProject
Project("{FAE04EC0-301F-11D3-BF4B-00C04F79EFBC}") = "Atalaya.Domain.Tests", "tests\Atalaya.Domain.Tests\Atalaya.Domain.Tests.csproj", "{9ED241DB-AE08-475D-92CD-0DF30D1C56D9}"
EndProject
Project("{FAE04EC0-301F-11D3-BF4B-00C04F79EFBC}") = "Atalaya.Storage", "src\Atalaya.Storage\Atalaya.Storage.csproj", "{9022A2E0-A16B-4B76-B421-FF8D29A6226D}"
EndProject
Project("{FAE04EC0-301F-11D3-BF4B-00C04F79EFBC}") = "Atalaya.Storage.Tests", "tests\Atalaya.Storage.Tests\Atalaya.Storage.Tests.csproj", "{A9BB6AEA-5BD0-4D0A-86A3-4F12DC005DB8}"
EndProject
Project("{FAE04EC0-301F-11D3-BF4B-00C04F79EFBC}") = "Atalaya.Inventory", "src\Atalaya.Inventory\Atalaya.Inventory.csproj", "{C6A96792-79F4-448C-BFCA-0F8DA8F39A38}"
EndProject
Project("{FAE04EC0-301F-11D3-BF4B-00C04F79EFBC}") = "Atalaya.Inventory.Tests", "tests\Atalaya.Inventory.Tests\Atalaya.Inventory.Tests.csproj", "{F920C35A-9B41-4D30-B219-F56E5E8A089A}"
EndProject
Project("{FAE04EC0-301F-11D3-BF4B-00C04F79EFBC}") = "Atalaya.App.Tests", "tests\Atalaya.App.Tests\Atalaya.App.Tests.csproj", "{F70D92BC-8493-4033-8CB6-744BDE4D367B}"
EndProject
Project("{FAE04EC0-301F-11D3-BF4B-00C04F79EFBC}") = "Atalaya.Copilot", "src\Atalaya.Copilot\Atalaya.Copilot.csproj", "{8BEC57B3-70B3-4EC9-9810-E6F52028A9AD}"
EndProject
Project("{FAE04EC0-301F-11D3-BF4B-00C04F79EFBC}") = "Atalaya.Copilot.Tests", "tests\Atalaya.Copilot.Tests\Atalaya.Copilot.Tests.csproj", "{76CF49B1-AAD3-42AB-A612-2B471A47E1B5}"
EndProject
Project("{FAE04EC0-301F-11D3-BF4B-00C04F79EFBC}") = "Atalaya.ImportV4", "src\Atalaya.ImportV4\Atalaya.ImportV4.csproj", "{2740BB4F-F61D-4969-A94A-354D64ADE6FB}"
EndProject
Project("{FAE04EC0-301F-11D3-BF4B-00C04F79EFBC}") = "Atalaya.ImportV4.Tests", "tests\Atalaya.ImportV4.Tests\Atalaya.ImportV4.Tests.csproj", "{493EFF99-6107-4987-AF93-5DF3D25E9DA3}"
EndProject
Project("{FAE04EC0-301F-11D3-BF4B-00C04F79EFBC}") = "Atalaya.App", "src\Atalaya.App\Atalaya.App.csproj", "{210997E7-906A-43C5-B191-05ABD29A875F}"
EndProject
Project("{FAE04EC0-301F-11D3-BF4B-00C04F79EFBC}") = "Atalaya.Updater", "src\Atalaya.Updater\Atalaya.Updater.csproj", "{6EF26406-52FB-4313-B28A-A3F3DB800566}"
EndProject
Project("{FAE04EC0-301F-11D3-BF4B-00C04F79EFBC}") = "Atalaya.Agents", "src\Atalaya.Agents\Atalaya.Agents.csproj", "{6F3B526D-014D-4F78-A82A-FE21BFF95ADC}"
EndProject
Project("{FAE04EC0-301F-11D3-BF4B-00C04F79EFBC}") = "Atalaya.ClaudeCode", "src\Atalaya.ClaudeCode\Atalaya.ClaudeCode.csproj", "{B737118F-0A04-4953-8298-8B2FDF27EEB8}"
EndProject
Project("{FAE04EC0-301F-11D3-BF4B-00C04F79EFBC}") = "Atalaya.Mcp", "src\Atalaya.Mcp\Atalaya.Mcp.csproj", "{E98414E3-1210-474C-B7A7-4E049B4E69E4}"
EndProject
Project("{FAE04EC0-301F-11D3-BF4B-00C04F79EFBC}") = "Atalaya.ClaudeCode.Tests", "tests\Atalaya.ClaudeCode.Tests\Atalaya.ClaudeCode.Tests.csproj", "{BE63668B-B025-4C48-AA1B-B98E9E60F12D}"
EndProject
Project("{FAE04EC0-301F-11D3-BF4B-00C04F79EFBC}") = "Atalaya.FakeCli", "tests\Atalaya.FakeCli\Atalaya.FakeCli.csproj", "{5F8ACF52-7E16-4462-AE13-8E4143DDFC22}"
EndProject
Global
	GlobalSection(SolutionConfigurationPlatforms) = preSolution
		Debug|Any CPU = Debug|Any CPU
		Release|Any CPU = Release|Any CPU
	EndGlobalSection
	GlobalSection(SolutionProperties) = preSolution
		HideSolutionNode = FALSE
	EndGlobalSection
	GlobalSection(ProjectConfigurationPlatforms) = postSolution
		{80922594-ACC8-4240-ACC2-B72525384DCA}.Debug|Any CPU.ActiveCfg = Debug|Any CPU
		{80922594-ACC8-4240-ACC2-B72525384DCA}.Debug|Any CPU.Build.0 = Debug|Any CPU
		{80922594-ACC8-4240-ACC2-B72525384DCA}.Release|Any CPU.ActiveCfg = Release|Any CPU
		{80922594-ACC8-4240-ACC2-B72525384DCA}.Release|Any CPU.Build.0 = Release|Any CPU
		{9ED241DB-AE08-475D-92CD-0DF30D1C56D9}.Debug|Any CPU.ActiveCfg = Debug|Any CPU
		{9ED241DB-AE08-475D-92CD-0DF30D1C56D9}.Debug|Any CPU.Build.0 = Debug|Any CPU
		{9ED241DB-AE08-475D-92CD-0DF30D1C56D9}.Release|Any CPU.ActiveCfg = Release|Any CPU
		{9ED241DB-AE08-475D-92CD-0DF30D1C56D9}.Release|Any CPU.Build.0 = Release|Any CPU
		{9022A2E0-A16B-4B76-B421-FF8D29A6226D}.Debug|Any CPU.ActiveCfg = Debug|Any CPU
		{9022A2E0-A16B-4B76-B421-FF8D29A6226D}.Debug|Any CPU.Build.0 = Debug|Any CPU
		{9022A2E0-A16B-4B76-B421-FF8D29A6226D}.Release|Any CPU.ActiveCfg = Release|Any CPU
		{9022A2E0-A16B-4B76-B421-FF8D29A6226D}.Release|Any CPU.Build.0 = Release|Any CPU
		{A9BB6AEA-5BD0-4D0A-86A3-4F12DC005DB8}.Debug|Any CPU.ActiveCfg = Debug|Any CPU
		{A9BB6AEA-5BD0-4D0A-86A3-4F12DC005DB8}.Debug|Any CPU.Build.0 = Debug|Any CPU
		{A9BB6AEA-5BD0-4D0A-86A3-4F12DC005DB8}.Release|Any CPU.ActiveCfg = Release|Any CPU
		{A9BB6AEA-5BD0-4D0A-86A3-4F12DC005DB8}.Release|Any CPU.Build.0 = Release|Any CPU
		{C6A96792-79F4-448C-BFCA-0F8DA8F39A38}.Debug|Any CPU.ActiveCfg = Debug|Any CPU
		{C6A96792-79F4-448C-BFCA-0F8DA8F39A38}.Debug|Any CPU.Build.0 = Debug|Any CPU
		{C6A96792-79F4-448C-BFCA-0F8DA8F39A38}.Release|Any CPU.ActiveCfg = Release|Any CPU
		{C6A96792-79F4-448C-BFCA-0F8DA8F39A38}.Release|Any CPU.Build.0 = Release|Any CPU
		{F920C35A-9B41-4D30-B219-F56E5E8A089A}.Debug|Any CPU.ActiveCfg = Debug|Any CPU
		{F920C35A-9B41-4D30-B219-F56E5E8A089A}.Debug|Any CPU.Build.0 = Debug|Any CPU
		{F920C35A-9B41-4D30-B219-F56E5E8A089A}.Release|Any CPU.ActiveCfg = Release|Any CPU
		{F920C35A-9B41-4D30-B219-F56E5E8A089A}.Release|Any CPU.Build.0 = Release|Any CPU
		{F70D92BC-8493-4033-8CB6-744BDE4D367B}.Debug|Any CPU.ActiveCfg = Debug|Any CPU
		{F70D92BC-8493-4033-8CB6-744BDE4D367B}.Debug|Any CPU.Build.0 = Debug|Any CPU
		{F70D92BC-8493-4033-8CB6-744BDE4D367B}.Release|Any CPU.ActiveCfg = Release|Any CPU
		{F70D92BC-8493-4033-8CB6-744BDE4D367B}.Release|Any CPU.Build.0 = Release|Any CPU
		{8BEC57B3-70B3-4EC9-9810-E6F52028A9AD}.Debug|Any CPU.ActiveCfg = Debug|Any CPU
		{8BEC57B3-70B3-4EC9-9810-E6F52028A9AD}.Debug|Any CPU.Build.0 = Debug|Any CPU
		{8BEC57B3-70B3-4EC9-9810-E6F52028A9AD}.Release|Any CPU.ActiveCfg = Release|Any CPU
		{8BEC57B3-70B3-4EC9-9810-E6F52028A9AD}.Release|Any CPU.Build.0 = Release|Any CPU
		{76CF49B1-AAD3-42AB-A612-2B471A47E1B5}.Debug|Any CPU.ActiveCfg = Debug|Any CPU
		{76CF49B1-AAD3-42AB-A612-2B471A47E1B5}.Debug|Any CPU.Build.0 = Debug|Any CPU
		{76CF49B1-AAD3-42AB-A612-2B471A47E1B5}.Release|Any CPU.ActiveCfg = Release|Any CPU
		{76CF49B1-AAD3-42AB-A612-2B471A47E1B5}.Release|Any CPU.Build.0 = Release|Any CPU
		{2740BB4F-F61D-4969-A94A-354D64ADE6FB}.Debug|Any CPU.ActiveCfg = Debug|Any CPU
		{2740BB4F-F61D-4969-A94A-354D64ADE6FB}.Debug|Any CPU.Build.0 = Debug|Any CPU
		{2740BB4F-F61D-4969-A94A-354D64ADE6FB}.Release|Any CPU.ActiveCfg = Release|Any CPU
		{2740BB4F-F61D-4969-A94A-354D64ADE6FB}.Release|Any CPU.Build.0 = Release|Any CPU
		{493EFF99-6107-4987-AF93-5DF3D25E9DA3}.Debug|Any CPU.ActiveCfg = Debug|Any CPU
		{493EFF99-6107-4987-AF93-5DF3D25E9DA3}.Debug|Any CPU.Build.0 = Debug|Any CPU
		{493EFF99-6107-4987-AF93-5DF3D25E9DA3}.Release|Any CPU.ActiveCfg = Release|Any CPU
		{493EFF99-6107-4987-AF93-5DF3D25E9DA3}.Release|Any CPU.Build.0 = Release|Any CPU
		{210997E7-906A-43C5-B191-05ABD29A875F}.Debug|Any CPU.ActiveCfg = Debug|Any CPU
		{210997E7-906A-43C5-B191-05ABD29A875F}.Debug|Any CPU.Build.0 = Debug|Any CPU
		{210997E7-906A-43C5-B191-05ABD29A875F}.Release|Any CPU.ActiveCfg = Release|Any CPU
		{210997E7-906A-43C5-B191-05ABD29A875F}.Release|Any CPU.Build.0 = Release|Any CPU
		{6EF26406-52FB-4313-B28A-A3F3DB800566}.Debug|Any CPU.ActiveCfg = Debug|Any CPU
		{6EF26406-52FB-4313-B28A-A3F3DB800566}.Debug|Any CPU.Build.0 = Debug|Any CPU
		{6EF26406-52FB-4313-B28A-A3F3DB800566}.Release|Any CPU.ActiveCfg = Release|Any CPU
		{6EF26406-52FB-4313-B28A-A3F3DB800566}.Release|Any CPU.Build.0 = Release|Any CPU
		{6F3B526D-014D-4F78-A82A-FE21BFF95ADC}.Debug|Any CPU.ActiveCfg = Debug|Any CPU
		{6F3B526D-014D-4F78-A82A-FE21BFF95ADC}.Debug|Any CPU.Build.0 = Debug|Any CPU
		{6F3B526D-014D-4F78-A82A-FE21BFF95ADC}.Release|Any CPU.ActiveCfg = Release|Any CPU
		{6F3B526D-014D-4F78-A82A-FE21BFF95ADC}.Release|Any CPU.Build.0 = Release|Any CPU
		{B737118F-0A04-4953-8298-8B2FDF27EEB8}.Debug|Any CPU.ActiveCfg = Debug|Any CPU
		{B737118F-0A04-4953-8298-8B2FDF27EEB8}.Debug|Any CPU.Build.0 = Debug|Any CPU
		{B737118F-0A04-4953-8298-8B2FDF27EEB8}.Release|Any CPU.ActiveCfg = Release|Any CPU
		{B737118F-0A04-4953-8298-8B2FDF27EEB8}.Release|Any CPU.Build.0 = Release|Any CPU
		{E98414E3-1210-474C-B7A7-4E049B4E69E4}.Debug|Any CPU.ActiveCfg = Debug|Any CPU
		{E98414E3-1210-474C-B7A7-4E049B4E69E4}.Debug|Any CPU.Build.0 = Debug|Any CPU
		{E98414E3-1210-474C-B7A7-4E049B4E69E4}.Release|Any CPU.ActiveCfg = Release|Any CPU
		{E98414E3-1210-474C-B7A7-4E049B4E69E4}.Release|Any CPU.Build.0 = Release|Any CPU
		{BE63668B-B025-4C48-AA1B-B98E9E60F12D}.Debug|Any CPU.ActiveCfg = Debug|Any CPU
		{BE63668B-B025-4C48-AA1B-B98E9E60F12D}.Debug|Any CPU.Build.0 = Debug|Any CPU
		{BE63668B-B025-4C48-AA1B-B98E9E60F12D}.Release|Any CPU.ActiveCfg = Release|Any CPU
		{BE63668B-B025-4C48-AA1B-B98E9E60F12D}.Release|Any CPU.Build.0 = Release|Any CPU
		{5F8ACF52-7E16-4462-AE13-8E4143DDFC22}.Debug|Any CPU.ActiveCfg = Debug|Any CPU
		{5F8ACF52-7E16-4462-AE13-8E4143DDFC22}.Debug|Any CPU.Build.0 = Debug|Any CPU
		{5F8ACF52-7E16-4462-AE13-8E4143DDFC22}.Release|Any CPU.ActiveCfg = Release|Any CPU
		{5F8ACF52-7E16-4462-AE13-8E4143DDFC22}.Release|Any CPU.Build.0 = Release|Any CPU
	EndGlobalSection
	GlobalSection(NestedProjects) = preSolution
		{80922594-ACC8-4240-ACC2-B72525384DCA} = {D803998B-EA75-44FA-91D9-C06A66C347F1}
		{9ED241DB-AE08-475D-92CD-0DF30D1C56D9} = {5FC86C6B-8EF0-4C98-9ADB-63E7469BC449}
		{9022A2E0-A16B-4B76-B421-FF8D29A6226D} = {D803998B-EA75-44FA-91D9-C06A66C347F1}
		{A9BB6AEA-5BD0-4D0A-86A3-4F12DC005DB8} = {5FC86C6B-8EF0-4C98-9ADB-63E7469BC449}
		{C6A96792-79F4-448C-BFCA-0F8DA8F39A38} = {D803998B-EA75-44FA-91D9-C06A66C347F1}
		{F920C35A-9B41-4D30-B219-F56E5E8A089A} = {5FC86C6B-8EF0-4C98-9ADB-63E7469BC449}
		{F70D92BC-8493-4033-8CB6-744BDE4D367B} = {5FC86C6B-8EF0-4C98-9ADB-63E7469BC449}
		{8BEC57B3-70B3-4EC9-9810-E6F52028A9AD} = {D803998B-EA75-44FA-91D9-C06A66C347F1}
		{76CF49B1-AAD3-42AB-A612-2B471A47E1B5} = {5FC86C6B-8EF0-4C98-9ADB-63E7469BC449}
		{2740BB4F-F61D-4969-A94A-354D64ADE6FB} = {D803998B-EA75-44FA-91D9-C06A66C347F1}
		{493EFF99-6107-4987-AF93-5DF3D25E9DA3} = {5FC86C6B-8EF0-4C98-9ADB-63E7469BC449}
		{210997E7-906A-43C5-B191-05ABD29A875F} = {D803998B-EA75-44FA-91D9-C06A66C347F1}
		{6EF26406-52FB-4313-B28A-A3F3DB800566} = {D803998B-EA75-44FA-91D9-C06A66C347F1}
		{6F3B526D-014D-4F78-A82A-FE21BFF95ADC} = {D803998B-EA75-44FA-91D9-C06A66C347F1}
		{B737118F-0A04-4953-8298-8B2FDF27EEB8} = {D803998B-EA75-44FA-91D9-C06A66C347F1}
		{E98414E3-1210-474C-B7A7-4E049B4E69E4} = {D803998B-EA75-44FA-91D9-C06A66C347F1}
		{BE63668B-B025-4C48-AA1B-B98E9E60F12D} = {5FC86C6B-8EF0-4C98-9ADB-63E7469BC449}
		{5F8ACF52-7E16-4462-AE13-8E4143DDFC22} = {5FC86C6B-8EF0-4C98-9ADB-63E7469BC449}
	EndGlobalSection
EndGlobal
